# THIS IS AN AUTOGENERATED FILE. DO NOT EDIT THIS FILE DIRECTLY.
# yarn lockfile v1


"@types/ioredis@^4.14.8":
  version "4.17.6"
  resolved "https://registry.yarnpkg.com/@types/ioredis/-/ioredis-4.17.6.tgz#b3b8d6e9fed7f494da08d991d8110daab2e273b8"
  integrity sha512-Vg3vuhveOaQeiubzGpVU9Hn3UJCi7rPe2TOphc3m3Y2EniHmytHp/wj5ZtfqDGBhFJGaSwbJvGQhhqd/Nqfy4Q==
  dependencies:
    "@types/node" "*"

"@types/node@*":
  version "14.14.6"
  resolved "https://registry.yarnpkg.com/@types/node/-/node-14.14.6.tgz#146d3da57b3c636cc0d1769396ce1cfa8991147f"
  integrity sha512-6QlRuqsQ/Ox/aJEQWBEJG7A9+u7oSYl3mem/K8IzxXG/kAGbV1YPD9Bg9Zw3vyxC/YP+zONKwy8hGkSt1jxFMw==

"@types/node@^13.9.0":
  version "13.13.30"
  resolved "https://registry.yarnpkg.com/@types/node/-/node-13.13.30.tgz#1ed6e01e4ca576d5aec9cc802cc3bcf94c274192"
  integrity sha512-HmqFpNzp3TSELxU/bUuRK+xzarVOAsR00hzcvM0TXrMlt/+wcSLa5q6YhTb6/cA6wqDCZLDcfd8fSL95x5h7AA==

aggregate-error@^3.0.0:
  version "3.1.0"
  resolved "https://registry.yarnpkg.com/aggregate-error/-/aggregate-error-3.1.0.tgz#92670ff50f5359bdb7a3e0d40d0ec30c5737687a"
  integrity sha512-4I7Td01quW/RpocfNayFdFVk1qSuoh0E7JrbRJ16nH01HhKFQ88INq9Sd+nd72zqRySlr9BmDA8xlEJ6vJMrYA==
  dependencies:
    clean-stack "^2.0.0"
    indent-string "^4.0.0"

bluebird@^3.5.3:
  version "3.7.2"
  resolved "https://registry.yarnpkg.com/bluebird/-/bluebird-3.7.2.tgz#9f229c15be272454ffa973ace0dbee79a1b0c36f"
  integrity sha512-XpNj6GDQzdfW+r2Wnn7xiSAd7TM3jzkxGXBGTtWKuSXv1xUV+azxAm8jdWZN06QTQk+2N2XB9jRDkvbmQmcRtg==

clean-stack@^2.0.0:
  version "2.2.0"
  resolved "https://registry.yarnpkg.com/clean-stack/-/clean-stack-2.2.0.tgz#ee8472dbb129e727b31e8a10a427dee9dfe4008b"
  integrity sha512-4diC9HaTE+KRAMWhDhrGOECgWZxoevMc5TlkObMqNSsVU62PYzXZ/SMTjzyGAFF1YusgxGcSWTEXBhp0CPwQ1A==

cluster-key-slot@^1.1.0:
  version "1.1.0"
  resolved "https://registry.yarnpkg.com/cluster-key-slot/-/cluster-key-slot-1.1.0.tgz#30474b2a981fb12172695833052bc0d01336d10d"
  integrity sha512-2Nii8p3RwAPiFwsnZvukotvow2rIHM+yQ6ZcBXGHdniadkYGZYiGmkHJIbZPIV9nfv7m/U1IPMVVcAhoWFeklw==

debug@^4.1.1:
  version "4.2.0"
  resolved "https://registry.yarnpkg.com/debug/-/debug-4.2.0.tgz#7f150f93920e94c58f5574c2fd01a3110effe7f1"
  integrity sha512-IX2ncY78vDTjZMFUdmsvIRFY2Cf4FnD0wRs+nQwJU8Lu99/tPFdb0VybiiMTPe3I6rQmwsqQqRBvxU+bZ/I8sg==
  dependencies:
    ms "2.1.2"

denque@^1.1.0:
  version "1.4.1"
  resolved "https://registry.yarnpkg.com/denque/-/denque-1.4.1.tgz#6744ff7641c148c3f8a69c307e51235c1f4a37cf"
  integrity sha512-OfzPuSZKGcgr96rf1oODnfjqBFmr1DVoc/TrItj3Ohe0Ah1C5WX5Baquw/9U9KovnQ88EqmJbD66rKYUQYN1tQ==

eris@^0.11.2:
  version "0.11.2"
  resolved "https://registry.yarnpkg.com/eris/-/eris-0.11.2.tgz#a4adad72d795d64d71a74833ccf5adc4db0ad8c0"
  integrity sha512-OhccRcxrPiNUylTamrjIbZM6itKMLjNrwLIXGvNwQZj4CRVOOz9eUVIqOJULB713x1ezw7HoC8AEsnsMNUneDA==
  dependencies:
    ws "^7.2.1"
  optionalDependencies:
    opusscript "^0.0.7"
    tweetnacl "^1.0.1"

indent-string@^4.0.0:
  version "4.0.0"
  resolved "https://registry.yarnpkg.com/indent-string/-/indent-string-4.0.0.tgz#624f8f4497d619b2d9768531d58f4122854d7251"
  integrity sha512-EdDDZu4A2OyIK7Lr/2zG+w5jmbuk1DVBnEwREQvBzspBJkCEbRa8GxU1lghYcaGJCnRWibjDXlq779X1/y5xwg==

ioredis-lock@^4.0.0:
  version "4.0.0"
  resolved "https://registry.yarnpkg.com/ioredis-lock/-/ioredis-lock-4.0.0.tgz#1cea00afbf33729a3d7f525aef4eb2d081d13426"
  integrity sha512-4D5jCUUm9tE+piktZhu/K4M6iSiKrVA7EHQJkO9B7TJ5n/4F6mcMwYjjUWFVnLd3PYJPwNC1lWhiuFu3VMpc2A==
  dependencies:
    bluebird "^3.5.3"
    lodash.defaults "^4.2.0"
    uuid "^3.3.2"

ioredis@^4.16.0:
  version "4.19.1"
  resolved "https://registry.yarnpkg.com/ioredis/-/ioredis-4.19.1.tgz#7e2d32d37a3b8703b88263a35fed4ff6a3797b4f"
  integrity sha512-3oRPAdmyEkjPaaEaMWDuR085E5AqhcwG7lObcB3BOzWXk9KuxTu5kVRMQcEHgMf7YnPvppMule6ncqQR7uw/SA==
  dependencies:
    cluster-key-slot "^1.1.0"
    debug "^4.1.1"
    denque "^1.1.0"
    lodash.defaults "^4.2.0"
    lodash.flatten "^4.4.0"
    p-map "^4.0.0"
    redis-commands "1.6.0"
    redis-errors "^1.2.0"
    redis-parser "^3.0.0"
    standard-as-callback "^2.0.1"

lodash.defaults@^4.2.0:
  version "4.2.0"
  resolved "https://registry.yarnpkg.com/lodash.defaults/-/lodash.defaults-4.2.0.tgz#d09178716ffea4dde9e5fb7b37f6f0802274580c"
  integrity sha1-0JF4cW/+pN3p5ft7N/bwgCJ0WAw=

lodash.flatten@^4.4.0:
  version "4.4.0"
  resolved "https://registry.yarnpkg.com/lodash.flatten/-/lodash.flatten-4.4.0.tgz#f31c22225a9632d2bbf8e4addbef240aa765a61f"
  integrity sha1-8xwiIlqWMtK7+OSt2+8kCqdlph8=

ms@2.1.2:
  version "2.1.2"
  resolved "https://registry.yarnpkg.com/ms/-/ms-2.1.2.tgz#d09d1f357b443f493382a8eb3ccd183872ae6009"
  integrity sha512-sGkPx+VjMtmA6MX27oA4FBFELFCZZ4S4XqeGOXCv68tT+jb3vk/RyaKWP0PTKyWtmLSM0b+adUTEvbs1PEaH2w==

opusscript@^0.0.7:
  version "0.0.7"
  resolved "https://registry.yarnpkg.com/opusscript/-/opusscript-0.0.7.tgz#7dd7ec55b302d26bf588e6fc3feb090b8c7da856"
  integrity sha512-DcBadTdYTUuH9zQtepsLjQn4Ll6rs3dmeFvN+SD0ThPnxRBRm/WC1zXWPg+wgAJimB784gdZvUMA57gDP7FdVg==

p-map@^4.0.0:
  version "4.0.0"
  resolved "https://registry.yarnpkg.com/p-map/-/p-map-4.0.0.tgz#bb2f95a5eda2ec168ec9274e06a747c3e2904d2b"
  integrity sha512-/bjOqmgETBYB5BoEeGVea8dmvHb2m9GLy1E9W43yeyfP6QQCZGFNa+XRceJEuDB6zqr+gKpIAmlLebMpykw/MQ==
  dependencies:
    aggregate-error "^3.0.0"

redis-commands@1.6.0:
  version "1.6.0"
  resolved "https://registry.yarnpkg.com/redis-commands/-/redis-commands-1.6.0.tgz#36d4ca42ae9ed29815cdb30ad9f97982eba1ce23"
  integrity sha512-2jnZ0IkjZxvguITjFTrGiLyzQZcTvaw8DAaCXxZq/dsHXz7KfMQ3OUJy7Tz9vnRtZRVz6VRCPDvruvU8Ts44wQ==

redis-errors@^1.0.0, redis-errors@^1.2.0:
  version "1.2.0"
  resolved "https://registry.yarnpkg.com/redis-errors/-/redis-errors-1.2.0.tgz#eb62d2adb15e4eaf4610c04afe1529384250abad"
  integrity sha1-62LSrbFeTq9GEMBK/hUpOEJQq60=

redis-parser@^3.0.0:
  version "3.0.0"
  resolved "https://registry.yarnpkg.com/redis-parser/-/redis-parser-3.0.0.tgz#b66d828cdcafe6b4b8a428a7def4c6bcac31c8b4"
  integrity sha1-tm2CjNyv5rS4pCin3vTGvKwxyLQ=
  dependencies:
    redis-errors "^1.0.0"

standard-as-callback@^2.0.1:
  version "2.0.1"
  resolved "https://registry.yarnpkg.com/standard-as-callback/-/standard-as-callback-2.0.1.tgz#ed8bb25648e15831759b6023bdb87e6b60b38126"
  integrity sha512-NQOxSeB8gOI5WjSaxjBgog2QFw55FV8TkS6Y07BiB3VJ8xNTvUYm0wl0s8ObgQ5NhdpnNfigMIKjgPESzgr4tg==

tweetnacl@^1.0.1:
  version "1.0.3"
  resolved "https://registry.yarnpkg.com/tweetnacl/-/tweetnacl-1.0.3.tgz#ac0af71680458d8a6378d0d0d050ab1407d35596"
  integrity sha512-6rt+RN7aOi1nGMyC4Xa5DdYiukl2UWCbcJft7YhxReBGQD7OAM8Pbxw6YMo4r2diNEA8FEmu32YOn9rhaiE5yw==

typescript@^3.8.3:
  version "3.9.7"
  resolved "https://registry.yarnpkg.com/typescript/-/typescript-3.9.7.tgz#98d600a5ebdc38f40cb277522f12dc800e9e25fa"
  integrity sha512-BLbiRkiBzAwsjut4x/dsibSTB6yWpwT5qWmC2OfuCg3GgVQCSgMs4vEctYPhsaGtd0AeuuHMkjZ2h2WG8MSzRw==

uuid@^3.3.2:
  version "3.4.0"
  resolved "https://registry.yarnpkg.com/uuid/-/uuid-3.4.0.tgz#b23e4358afa8a202fe7a100af1f5f883f02007ee"
  integrity sha512-HjSDRw6gZE5JMggctHBcjVak08+KEVhSIiDzFnT9S9aegmp85S/bReBVTb4QTFaRNptJ9kuYaNhnbNEOkbKb/A==

ws@^7.2.1:
  version "7.3.1"
  resolved "https://registry.yarnpkg.com/ws/-/ws-7.3.1.tgz#d0547bf67f7ce4f12a72dfe31262c68d7dc551c8"
  integrity sha512-D3RuNkynyHmEJIpD2qrgVkc9DQ23OrN/moAwZX4L8DfvszsJxpjQuUq3LMx6HoYji9fbIOBY18XWBsAux1ZZUA==
